
Microsoft Visual Studio Solution File, Format Version 12.00
# Visual Studio Version 17
VisualStudioVersion = 17.1.32414.318
MinimumVisualStudioVersion = 10.0.40219.1
Project("{FAE04EC0-301F-11D3-BF4B-00C04F79EFBC}") = "scharp-web-api", "scharp-web-api\scharp-web-api.csproj", "{DAA41A68-EC75-4716-8CFD-AAAC5A68BE51}"
EndProject
Global
	GlobalSection(SolutionConfigurationPlatforms) = preSolution
		Debug|Any CPU = Debug|Any CPU
		Release|Any CPU = Release|Any CPU
	EndGlobalSection
	GlobalSection(ProjectConfigurationPlatforms) = postSolution
		{DAA41A68-EC75-4716-8CFD-AAAC5A68BE51}.Debug|Any CPU.ActiveCfg = Debug|Any CPU
		{DAA41A68-EC75-4716-8CFD-AAAC5A68BE51}.Debug|Any CPU.Build.0 = Debug|Any CPU
		{DAA41A68-EC75-4716-8CFD-AAAC5A68BE51}.Release|Any CPU.ActiveCfg = Release|Any CPU
		{DAA41A68-EC75-4716-8CFD-AAAC5A68BE51}.Release|Any CPU.Build.0 = Release|Any CPU
	EndGlobalSection
	GlobalSection(SolutionProperties) = preSolution
		HideSolutionNode = FALSE
	EndGlobalSection
	GlobalSection(ExtensibilityGlobals) = postSolution
		SolutionGuid = {91923AE1-AF8C-4204-9CC7-91C7FB41182C}
	EndGlobalSection
EndGlobal
